
Microsoft Visual Studio Solution File, Format Version 12.00
# Visual Studio Version 16
VisualStudioVersion = 16.0.31112.23
MinimumVisualStudioVersion = 10.0.40219.1
Project("{FAE04EC0-301F-11D3-BF4B-00C04F79EFBC}") = "eGym", "eGym\eGym.csproj", "{3C4D9675-9569-4BEE-B95C-33A29597CF3B}"
EndProject
Global
	GlobalSection(SolutionConfigurationPlatforms) = preSolution
		Debug|Any CPU = Debug|Any CPU
		Release|Any CPU = Release|Any CPU
	EndGlobalSection
	GlobalSection(ProjectConfigurationPlatforms) = postSolution
		{3C4D9675-9569-4BEE-B95C-33A29597CF3B}.Debug|Any CPU.ActiveCfg = Debug|Any CPU
		{3C4D9675-9569-4BEE-B95C-33A29597CF3B}.Debug|Any CPU.Build.0 = Debug|Any CPU
		{3C4D9675-9569-4BEE-B95C-33A29597CF3B}.Release|Any CPU.ActiveCfg = Release|Any CPU
		{3C4D9675-9569-4BEE-B95C-33A29597CF3B}.Release|Any CPU.Build.0 = Release|Any CPU
	EndGlobalSection
	GlobalSection(SolutionProperties) = preSolution
		HideSolutionNode = FALSE
	EndGlobalSection
	GlobalSection(ExtensibilityGlobals) = postSolution
		SolutionGuid = {D8B8F480-19C4-40BF-B7DB-139652300554}
	EndGlobalSection
EndGlobal
